
Microsoft Visual Studio Solution File, Format Version 12.00
# Visual Studio Version 16
VisualStudioVersion = 16.0.28407.52
MinimumVisualStudioVersion = 10.0.40219.1
Project("{2150E333-8FDC-42A3-9474-1A3956D46DE8}") = "JobItems", "JobItems", "{36170CA7-B4B5-4F64-9108-06833A69C9DD}"
EndProject
Project("{2150E333-8FDC-42A3-9474-1A3956D46DE8}") = "Applications", "Applications", "{CA7FEDF2-A4B9-4E6C-B08D-A50A5FE9981C}"
EndProject
Project("{9A19103F-16F7-4668-BE54-9A1E7A4F7556}") = "Newcats.JobManager.Api", "src\Newcats.JobManager.Api\Newcats.JobManager.Api.csproj", "{13F9AC12-F8B6-408D-8B26-551C98F5A22F}"
EndProject
Project("{9A19103F-16F7-4668-BE54-9A1E7A4F7556}") = "Newcats.JobManager.Host.NetCore", "src\Newcats.JobManager.Host.NetCore\Newcats.JobManager.Host.NetCore.csproj", "{E6A41379-A672-4456-AFB9-410842AD6258}"
EndProject
Project("{9A19103F-16F7-4668-BE54-9A1E7A4F7556}") = "Newcats.JobManager.Common.NetCore", "src\Newcats.JobManager.Common.NetCore\Newcats.JobManager.Common.NetCore.csproj", "{6153553C-AEAC-4CD6-B16C-B0409DDDB451}"
EndProject
Project("{FAE04EC0-301F-11D3-BF4B-00C04F79EFBC}") = "QuartzJobInGenericHostWithTopshelf", "src\QuartzJobInGenericHostWithTopshelf\QuartzJobInGenericHostWithTopshelf.csproj", "{0CD43BC7-AA4A-45D4-8138-DD722ADB24EF}"
EndProject
Global
	GlobalSection(SolutionConfigurationPlatforms) = preSolution
		Debug|Any CPU = Debug|Any CPU
		Release|Any CPU = Release|Any CPU
	EndGlobalSection
	GlobalSection(ProjectConfigurationPlatforms) = postSolution
		{13F9AC12-F8B6-408D-8B26-551C98F5A22F}.Debug|Any CPU.ActiveCfg = Debug|Any CPU
		{13F9AC12-F8B6-408D-8B26-551C98F5A22F}.Debug|Any CPU.Build.0 = Debug|Any CPU
		{13F9AC12-F8B6-408D-8B26-551C98F5A22F}.Release|Any CPU.ActiveCfg = Release|Any CPU
		{13F9AC12-F8B6-408D-8B26-551C98F5A22F}.Release|Any CPU.Build.0 = Release|Any CPU
		{E6A41379-A672-4456-AFB9-410842AD6258}.Debug|Any CPU.ActiveCfg = Debug|Any CPU
		{E6A41379-A672-4456-AFB9-410842AD6258}.Debug|Any CPU.Build.0 = Debug|Any CPU
		{E6A41379-A672-4456-AFB9-410842AD6258}.Release|Any CPU.ActiveCfg = Release|Any CPU
		{E6A41379-A672-4456-AFB9-410842AD6258}.Release|Any CPU.Build.0 = Release|Any CPU
		{6153553C-AEAC-4CD6-B16C-B0409DDDB451}.Debug|Any CPU.ActiveCfg = Debug|Any CPU
		{6153553C-AEAC-4CD6-B16C-B0409DDDB451}.Debug|Any CPU.Build.0 = Debug|Any CPU
		{6153553C-AEAC-4CD6-B16C-B0409DDDB451}.Release|Any CPU.ActiveCfg = Release|Any CPU
		{6153553C-AEAC-4CD6-B16C-B0409DDDB451}.Release|Any CPU.Build.0 = Release|Any CPU
		{0CD43BC7-AA4A-45D4-8138-DD722ADB24EF}.Debug|Any CPU.ActiveCfg = Debug|Any CPU
		{0CD43BC7-AA4A-45D4-8138-DD722ADB24EF}.Debug|Any CPU.Build.0 = Debug|Any CPU
		{0CD43BC7-AA4A-45D4-8138-DD722ADB24EF}.Release|Any CPU.ActiveCfg = Release|Any CPU
		{0CD43BC7-AA4A-45D4-8138-DD722ADB24EF}.Release|Any CPU.Build.0 = Release|Any CPU
	EndGlobalSection
	GlobalSection(SolutionProperties) = preSolution
		HideSolutionNode = FALSE
	EndGlobalSection
	GlobalSection(NestedProjects) = preSolution
		{13F9AC12-F8B6-408D-8B26-551C98F5A22F} = {CA7FEDF2-A4B9-4E6C-B08D-A50A5FE9981C}
		{E6A41379-A672-4456-AFB9-410842AD6258} = {CA7FEDF2-A4B9-4E6C-B08D-A50A5FE9981C}
		{6153553C-AEAC-4CD6-B16C-B0409DDDB451} = {CA7FEDF2-A4B9-4E6C-B08D-A50A5FE9981C}
		{0CD43BC7-AA4A-45D4-8138-DD722ADB24EF} = {36170CA7-B4B5-4F64-9108-06833A69C9DD}
	EndGlobalSection
	GlobalSection(ExtensibilityGlobals) = postSolution
		SolutionGuid = {352728B4-FB83-4298-9081-29661890F991}
	EndGlobalSection
EndGlobal
