
Microsoft Visual Studio Solution File, Format Version 12.00
# Visual Studio Version 16
VisualStudioVersion = 16.0.28407.52
MinimumVisualStudioVersion = 10.0.40219.1
Project("{2150E333-8FDC-42A3-9474-1A3956D46DE8}") = "JobItems", "JobItems", "{36170CA7-B4B5-4F64-9108-06833A69C9DD}"
EndProject
Project("{2150E333-8FDC-42A3-9474-1A3956D46DE8}") = "Applications", "Applications", "{CA7FEDF2-A4B9-4E6C-B08D-A50A5FE9981C}"
EndProject
Project("{FAE04EC0-301F-11D3-BF4B-00C04F79EFBC}") = "Newcats.JobManager.Host", "src\Newcats.JobManager.Host\Newcats.JobManager.Host.csproj", "{55C41036-AF85-4CAC-9FBD-F785D8707A24}"
EndProject
Project("{9A19103F-16F7-4668-BE54-9A1E7A4F7556}") = "Newcats.JobManager.Api", "src\Newcats.JobManager.Api\Newcats.JobManager.Api.csproj", "{13F9AC12-F8B6-408D-8B26-551C98F5A22F}"
EndProject
Project("{FAE04EC0-301F-11D3-BF4B-00C04F79EFBC}") = "Newcats.JobManager.Common", "src\Newcats.JobManager.Common\Newcats.JobManager.Common.csproj", "{F0922A02-4121-40C1-B704-787DF4DA1970}"
EndProject
Project("{FAE04EC0-301F-11D3-BF4B-00C04F79EFBC}") = "Newcats.System.Job.DeleteSystemLog", "src\Newcats.System.Job.DeleteSystemLog\Newcats.System.Job.DeleteSystemLog.csproj", "{9258A29F-950D-4403-8D40-47D992A600E1}"
EndProject
Global
	GlobalSection(SolutionConfigurationPlatforms) = preSolution
		Debug|Any CPU = Debug|Any CPU
		Release|Any CPU = Release|Any CPU
	EndGlobalSection
	GlobalSection(ProjectConfigurationPlatforms) = postSolution
		{55C41036-AF85-4CAC-9FBD-F785D8707A24}.Debug|Any CPU.ActiveCfg = Debug|Any CPU
		{55C41036-AF85-4CAC-9FBD-F785D8707A24}.Debug|Any CPU.Build.0 = Debug|Any CPU
		{55C41036-AF85-4CAC-9FBD-F785D8707A24}.Release|Any CPU.ActiveCfg = Release|Any CPU
		{55C41036-AF85-4CAC-9FBD-F785D8707A24}.Release|Any CPU.Build.0 = Release|Any CPU
		{13F9AC12-F8B6-408D-8B26-551C98F5A22F}.Debug|Any CPU.ActiveCfg = Debug|Any CPU
		{13F9AC12-F8B6-408D-8B26-551C98F5A22F}.Debug|Any CPU.Build.0 = Debug|Any CPU
		{13F9AC12-F8B6-408D-8B26-551C98F5A22F}.Release|Any CPU.ActiveCfg = Release|Any CPU
		{13F9AC12-F8B6-408D-8B26-551C98F5A22F}.Release|Any CPU.Build.0 = Release|Any CPU
		{F0922A02-4121-40C1-B704-787DF4DA1970}.Debug|Any CPU.ActiveCfg = Debug|Any CPU
		{F0922A02-4121-40C1-B704-787DF4DA1970}.Debug|Any CPU.Build.0 = Debug|Any CPU
		{F0922A02-4121-40C1-B704-787DF4DA1970}.Release|Any CPU.ActiveCfg = Release|Any CPU
		{F0922A02-4121-40C1-B704-787DF4DA1970}.Release|Any CPU.Build.0 = Release|Any CPU
		{9258A29F-950D-4403-8D40-47D992A600E1}.Debug|Any CPU.ActiveCfg = Debug|Any CPU
		{9258A29F-950D-4403-8D40-47D992A600E1}.Debug|Any CPU.Build.0 = Debug|Any CPU
		{9258A29F-950D-4403-8D40-47D992A600E1}.Release|Any CPU.ActiveCfg = Release|Any CPU
		{9258A29F-950D-4403-8D40-47D992A600E1}.Release|Any CPU.Build.0 = Release|Any CPU
	EndGlobalSection
	GlobalSection(SolutionProperties) = preSolution
		HideSolutionNode = FALSE
	EndGlobalSection
	GlobalSection(NestedProjects) = preSolution
		{55C41036-AF85-4CAC-9FBD-F785D8707A24} = {CA7FEDF2-A4B9-4E6C-B08D-A50A5FE9981C}
		{13F9AC12-F8B6-408D-8B26-551C98F5A22F} = {CA7FEDF2-A4B9-4E6C-B08D-A50A5FE9981C}
		{F0922A02-4121-40C1-B704-787DF4DA1970} = {CA7FEDF2-A4B9-4E6C-B08D-A50A5FE9981C}
		{9258A29F-950D-4403-8D40-47D992A600E1} = {36170CA7-B4B5-4F64-9108-06833A69C9DD}
	EndGlobalSection
	GlobalSection(ExtensibilityGlobals) = postSolution
		SolutionGuid = {352728B4-FB83-4298-9081-29661890F991}
	EndGlobalSection
EndGlobal
